<Solution xmlns:xsi="http://www.w3.org/2001/XMLSchema-instance">
  <!-- App Gateway -->
  <Project Path="apps/app-gateway/src/app-gateway.csproj" Folder="/apps/app-gateway/src/" />
  
  <!-- Fulfillment -->
  <Project Path="apps/fulfillment/src/Fulfillment.TemporalWorker/Fulfillment.TemporalWorker.csproj" />
  <Project Path="apps/fulfillment/src/Fulfillment.Workflows/Fulfillment.Workflows.csproj" />
  <Project Path="apps/fulfillment/src/Fulfillment.Orchrestrator/Fulfillment.Orchrestrator.csproj" />
  <!-- Orders Service -->
  <Project Path="apps/orders/src/Orders.Contracts/Orders.Contracts.csproj" Folder="/apps/orders/src/" />
  <Project Path="apps/orders/src/Orders.Domain/Orders.Domain.csproj" Folder="/apps/orders/src/" />
  <Project Path="apps/orders/src/Orders.Infrastructure/Orders.Infrastructure.csproj" Folder="/apps/orders/src/" />
  <Project Path="apps/orders/src/Orders.WebApi/Orders.WebApi.csproj" Folder="/apps/orders/src/" />
  <Project Path="apps/orders/tests/Orders.WebApi.Tests/Orders.WebApi.Tests.csproj" Folder="/apps/orders/tests/" />

  <!-- Shared NuGet Packages -->
  <Project Path="nuget-packages/src/Shared.Annotations/Shared.Annotations.csproj" Folder="/nuget-packages/src/Shared.Annotations/" />
  <Project Path="nuget-packages/src/Shared.DependencyInjection/Shared.DependencyInjection.csproj" Folder="/nuget-packages/src/Shared.DependencyInjection/" />
  <Project Path="nuget-packages/src/Testing.Shared/Testing.Shared.csproj" Folder="/nuget-packages/src/Testing.Shared/" />

</Solution>
